
Microsoft Visual Studio Solution File, Format Version 12.00
# Visual Studio 2012
Project("{ECD6D718-D1CF-4119-97F3-97C25A0DFBF9}") = "AssetTracker", "AssetTracker.lsproj", "{3CC150B1-2E76-4734-9559-E6743A00FD49}"
EndProject
Global
	GlobalSection(SolutionConfigurationPlatforms) = preSolution
		Debug|Any CPU = Debug|Any CPU
		Release|Any CPU = Release|Any CPU
	EndGlobalSection
	GlobalSection(ProjectDependencies) = postSolution
		{1BE5D6D5-B3D8-44CD-9A00-038794545B10}.0 = {54DCF647-D03E-4540-B482-579CF6303D8E}
		{1BE5D6D5-B3D8-44CD-9A00-038794545B10}.1 = {4AA3F9E6-96D9-420B-8BFB-DC8BBC82A13B}
	EndGlobalSection
	GlobalSection(ProjectConfigurationPlatforms) = postSolution
		{3CC150B1-2E76-4734-9559-E6743A00FD49}.Debug|Any CPU.ActiveCfg = Debug|Any CPU
		{3CC150B1-2E76-4734-9559-E6743A00FD49}.Debug|Any CPU.Build.0 = Debug|Any CPU
		{3CC150B1-2E76-4734-9559-E6743A00FD49}.Release|Any CPU.ActiveCfg = Release|Any CPU
		{3CC150B1-2E76-4734-9559-E6743A00FD49}.Release|Any CPU.Build.0 = Release|Any CPU
		{54DCF647-D03E-4540-B482-579CF6303D8E}.Debug|Any CPU.ActiveCfg = Debug|Any CPU
		{54DCF647-D03E-4540-B482-579CF6303D8E}.Debug|Any CPU.Build.0 = Debug|Any CPU
		{54DCF647-D03E-4540-B482-579CF6303D8E}.Release|Any CPU.ActiveCfg = Release|Any CPU
		{54DCF647-D03E-4540-B482-579CF6303D8E}.Release|Any CPU.Build.0 = Release|Any CPU
		{4AA3F9E6-96D9-420B-8BFB-DC8BBC82A13B}.Debug|Any CPU.ActiveCfg = Debug|Any CPU
		{4AA3F9E6-96D9-420B-8BFB-DC8BBC82A13B}.Debug|Any CPU.Build.0 = Debug|Any CPU
		{4AA3F9E6-96D9-420B-8BFB-DC8BBC82A13B}.Release|Any CPU.ActiveCfg = Release|Any CPU
		{4AA3F9E6-96D9-420B-8BFB-DC8BBC82A13B}.Release|Any CPU.Build.0 = Release|Any CPU
		{1BE5D6D5-B3D8-44CD-9A00-038794545B10}.Debug|Any CPU.ActiveCfg = Debug|Any CPU
		{1BE5D6D5-B3D8-44CD-9A00-038794545B10}.Debug|Any CPU.Build.0 = Debug|Any CPU
		{1BE5D6D5-B3D8-44CD-9A00-038794545B10}.Release|Any CPU.ActiveCfg = Release|Any CPU
		{1BE5D6D5-B3D8-44CD-9A00-038794545B10}.Release|Any CPU.Build.0 = Release|Any CPU
	EndGlobalSection
	GlobalSection(SolutionProperties) = preSolution
		HideSolutionNode = FALSE
	EndGlobalSection
EndGlobal
